
Microsoft Visual Studio Solution File, Format Version 12.00
# Visual Studio 15
VisualStudioVersion = 15.0.28010.2026
MinimumVisualStudioVersion = 10.0.40219.1
Project("{FAE04EC0-301F-11D3-BF4B-00C04F79EFBC}") = "Dnn.CakeUtils", "Dnn.CakeUtils.csproj", "{CEF1D532-43E5-418B-82B7-CB7184BF32F2}"
EndProject
Global
	GlobalSection(SolutionConfigurationPlatforms) = preSolution
		Debug|Any CPU = Debug|Any CPU
		Release|Any CPU = Release|Any CPU
	EndGlobalSection
	GlobalSection(ProjectConfigurationPlatforms) = postSolution
		{CEF1D532-43E5-418B-82B7-CB7184BF32F2}.Debug|Any CPU.ActiveCfg = Debug|Any CPU
		{CEF1D532-43E5-418B-82B7-CB7184BF32F2}.Debug|Any CPU.Build.0 = Debug|Any CPU
		{CEF1D532-43E5-418B-82B7-CB7184BF32F2}.Release|Any CPU.ActiveCfg = Release|Any CPU
		{CEF1D532-43E5-418B-82B7-CB7184BF32F2}.Release|Any CPU.Build.0 = Release|Any CPU
	EndGlobalSection
	GlobalSection(SolutionProperties) = preSolution
		HideSolutionNode = FALSE
	EndGlobalSection
	GlobalSection(ExtensibilityGlobals) = postSolution
		SolutionGuid = {8D308690-85AE-4F7D-8EDF-FF6EF55B91F7}
	EndGlobalSection
EndGlobal
